
Microsoft Visual Studio Solution File, Format Version 12.00
# Visual Studio 15
VisualStudioVersion = 15.0.28307.489
MinimumVisualStudioVersion = 10.0.40219.1
Project("{FAE04EC0-301F-11D3-BF4B-00C04F79EFBC}") = "CoreAngular", "CoreAngular\CoreAngular.csproj", "{0F19A7BF-3C1C-494D-96A0-1122DB7D59D0}"
EndProject
Global
	GlobalSection(SolutionConfigurationPlatforms) = preSolution
		Debug|Any CPU = Debug|Any CPU
		Release|Any CPU = Release|Any CPU
	EndGlobalSection
	GlobalSection(ProjectConfigurationPlatforms) = postSolution
		{0F19A7BF-3C1C-494D-96A0-1122DB7D59D0}.Debug|Any CPU.ActiveCfg = Debug|Any CPU
		{0F19A7BF-3C1C-494D-96A0-1122DB7D59D0}.Debug|Any CPU.Build.0 = Debug|Any CPU
		{0F19A7BF-3C1C-494D-96A0-1122DB7D59D0}.Release|Any CPU.ActiveCfg = Release|Any CPU
		{0F19A7BF-3C1C-494D-96A0-1122DB7D59D0}.Release|Any CPU.Build.0 = Release|Any CPU
	EndGlobalSection
	GlobalSection(SolutionProperties) = preSolution
		HideSolutionNode = FALSE
	EndGlobalSection
	GlobalSection(ExtensibilityGlobals) = postSolution
		SolutionGuid = {C0D3D67B-3FC9-4577-BDB2-9B1764557FB0}
	EndGlobalSection
EndGlobal
